
Microsoft Visual Studio Solution File, Format Version 12.00
# Visual Studio 2013
VisualStudioVersion = 12.0.21005.1
MinimumVisualStudioVersion = 10.0.40219.1
Project("{8BC9CEB8-8B4A-11D0-8D11-00A0C91BC942}") = "mydll", "mydll\mydll.vcxproj", "{C592E7F7-50DA-4A75-B781-B32A0049AE1E}"
EndProject
Project("{8BC9CEB8-8B4A-11D0-8D11-00A0C91BC942}") = "dllpro", "dllpro\dllpro.vcxproj", "{0F4046D2-C1FC-4A74-99BA-65ADC955A557}"
EndProject
Project("{8BC9CEB8-8B4A-11D0-8D11-00A0C91BC942}") = "dllproject", "dllproject\dllproject.vcxproj", "{5B8A8A86-0E13-4756-84CF-D23F971574D3}"
EndProject
Global
	GlobalSection(SolutionConfigurationPlatforms) = preSolution
		Debug|Win32 = Debug|Win32
		Release|Win32 = Release|Win32
	EndGlobalSection
	GlobalSection(ProjectConfigurationPlatforms) = postSolution
		{C592E7F7-50DA-4A75-B781-B32A0049AE1E}.Debug|Win32.ActiveCfg = Debug|Win32
		{C592E7F7-50DA-4A75-B781-B32A0049AE1E}.Debug|Win32.Build.0 = Debug|Win32
		{C592E7F7-50DA-4A75-B781-B32A0049AE1E}.Release|Win32.ActiveCfg = Release|Win32
		{C592E7F7-50DA-4A75-B781-B32A0049AE1E}.Release|Win32.Build.0 = Release|Win32
		{0F4046D2-C1FC-4A74-99BA-65ADC955A557}.Debug|Win32.ActiveCfg = Debug|Win32
		{0F4046D2-C1FC-4A74-99BA-65ADC955A557}.Debug|Win32.Build.0 = Debug|Win32
		{0F4046D2-C1FC-4A74-99BA-65ADC955A557}.Release|Win32.ActiveCfg = Release|Win32
		{0F4046D2-C1FC-4A74-99BA-65ADC955A557}.Release|Win32.Build.0 = Release|Win32
		{5B8A8A86-0E13-4756-84CF-D23F971574D3}.Debug|Win32.ActiveCfg = Debug|Win32
		{5B8A8A86-0E13-4756-84CF-D23F971574D3}.Debug|Win32.Build.0 = Debug|Win32
		{5B8A8A86-0E13-4756-84CF-D23F971574D3}.Release|Win32.ActiveCfg = Release|Win32
		{5B8A8A86-0E13-4756-84CF-D23F971574D3}.Release|Win32.Build.0 = Release|Win32
	EndGlobalSection
	GlobalSection(SolutionProperties) = preSolution
		HideSolutionNode = FALSE
	EndGlobalSection
EndGlobal
